{
    "_readme": [
        "This file locks the dependencies of your project to a known state",
        "Read more about it at http://getcomposer.org/doc/01-basic-usage.md#composer-lock-the-lock-file"
    ],
    "hash": "d3b75b30fe5058eacc8ace8b9da5ee4c",
    "packages": [
        {
            "name": "2amigos/yiistrap",
            "version": "1.0.1",
            "source": {
                "type": "git",
                "url": "https://github.com/2amigos/yiistrap.git",
                "reference": "098db7077cac1b71a4b20e2320d3925a62c0f93d"
            },
            "dist": {
                "type": "zip",
                "url": "https://api.github.com/repos/2amigos/yiistrap/zipball/098db7077cac1b71a4b20e2320d3925a62c0f93d",
                "reference": "098db7077cac1b71a4b20e2320d3925a62c0f93d",
                "shasum": ""
            },
            "require-dev": {
                "codeception/codeception": "@stable",
                "crisu83/yii-composer": "dev-master",
                "php": ">=5.3.0",
                "yiisoft/yii": "1.1.13"
            },
            "type": "library",
            "extra": {
                "yii-install-writable": [
                    "tests/_log"
                ]
            },
            "notification-url": "https://packagist.org/downloads/",
            "license": [
                "BSD-3-Clause"
            ],
            "authors": [
                {
                    "name": "Christoffer Niska",
                    "email": "christoffer.niska@gmail.com",
                    "homepage": "http://www.cniska.net/"
                },
                {
                    "name": "Antonio Ramirez",
                    "email": "ramirez.cobos@gmail.com",
                    "homepage": "http://www.ramirezcobos.com/"
                }
            ],
            "description": "Twitter Bootstrap for the Yii PHP framework. Own maintained version.",
            "keywords": [
                "bootstrap",
                "yii"
            ],
            "time": "2013-08-04 17:41:54"
        }
    ],
    "packages-dev": [
        {
            "name": "yiisoft/yii",
            "version": "1.1.13",
            "source": {
                "type": "git",
                "url": "https://github.com/yiisoft/yii.git",
                "reference": "e9e4a0d5be901d8bd48e516a2d9afe33d6fd05a6"
            },
            "dist": {
                "type": "zip",
                "url": "https://github.com/yiisoft/yii/archive/e9e4a0d5be901d8bd48e516a2d9afe33d6fd05a6.zip",
                "reference": null,
                "shasum": null
            },
            "type": "library",
            "description": "Yii PHP Framework",
            "homepage": "https://github.com/yiisoft/yii"
        }
    ],
    "aliases": [

    ],
    "minimum-stability": "dev",
    "stability-flags": [

    ],
    "platform": [

    ],
    "platform-dev": {
        "php": ">=5.3.0"
    }
}
